
Microsoft Visual Studio Solution File, Format Version 12.00
# Visual Studio 14
VisualStudioVersion = 14.0.25420.1
MinimumVisualStudioVersion = 10.0.40219.1
Project("{FAE04EC0-301F-11D3-BF4B-00C04F79EFBC}") = "LeetCode369. Plus One Linked List", "LeetCode369. Plus One Linked List\LeetCode369. Plus One Linked List.csproj", "{CAD38C59-8B45-4A31-A53E-6F2C8473F43B}"
EndProject
Global
	GlobalSection(SolutionConfigurationPlatforms) = preSolution
		Debug|Any CPU = Debug|Any CPU
		Release|Any CPU = Release|Any CPU
	EndGlobalSection
	GlobalSection(ProjectConfigurationPlatforms) = postSolution
		{CAD38C59-8B45-4A31-A53E-6F2C8473F43B}.Debug|Any CPU.ActiveCfg = Debug|Any CPU
		{CAD38C59-8B45-4A31-A53E-6F2C8473F43B}.Debug|Any CPU.Build.0 = Debug|Any CPU
		{CAD38C59-8B45-4A31-A53E-6F2C8473F43B}.Release|Any CPU.ActiveCfg = Release|Any CPU
		{CAD38C59-8B45-4A31-A53E-6F2C8473F43B}.Release|Any CPU.Build.0 = Release|Any CPU
	EndGlobalSection
	GlobalSection(SolutionProperties) = preSolution
		HideSolutionNode = FALSE
	EndGlobalSection
EndGlobal
