
Microsoft Visual Studio Solution File, Format Version 12.00
# Visual Studio 14
VisualStudioVersion = 14.0.25420.1
MinimumVisualStudioVersion = 10.0.40219.1
Project("{FAE04EC0-301F-11D3-BF4B-00C04F79EFBC}") = "LeetCode167. Two Sum II-Inputarrayissorted", "LeetCode167. Two Sum II-Inputarrayissorted\LeetCode167. Two Sum II-Inputarrayissorted.csproj", "{307DBABF-8EBD-46C0-93D8-2C282C5EA690}"
EndProject
Global
	GlobalSection(SolutionConfigurationPlatforms) = preSolution
		Debug|Any CPU = Debug|Any CPU
		Release|Any CPU = Release|Any CPU
	EndGlobalSection
	GlobalSection(ProjectConfigurationPlatforms) = postSolution
		{307DBABF-8EBD-46C0-93D8-2C282C5EA690}.Debug|Any CPU.ActiveCfg = Debug|Any CPU
		{307DBABF-8EBD-46C0-93D8-2C282C5EA690}.Debug|Any CPU.Build.0 = Debug|Any CPU
		{307DBABF-8EBD-46C0-93D8-2C282C5EA690}.Release|Any CPU.ActiveCfg = Release|Any CPU
		{307DBABF-8EBD-46C0-93D8-2C282C5EA690}.Release|Any CPU.Build.0 = Release|Any CPU
	EndGlobalSection
	GlobalSection(SolutionProperties) = preSolution
		HideSolutionNode = FALSE
	EndGlobalSection
EndGlobal
