
Microsoft Visual Studio Solution File, Format Version 12.00
# Visual Studio 14
VisualStudioVersion = 14.0.25420.1
MinimumVisualStudioVersion = 10.0.40219.1
Project("{FAE04EC0-301F-11D3-BF4B-00C04F79EFBC}") = "StringsReplaceAndRemove", "StringsReplaceAndRemove\StringsReplaceAndRemove.csproj", "{B4555E16-C968-44E3-A7E1-C27179E18647}"
EndProject
Global
	GlobalSection(SolutionConfigurationPlatforms) = preSolution
		Debug|Any CPU = Debug|Any CPU
		Release|Any CPU = Release|Any CPU
	EndGlobalSection
	GlobalSection(ProjectConfigurationPlatforms) = postSolution
		{B4555E16-C968-44E3-A7E1-C27179E18647}.Debug|Any CPU.ActiveCfg = Debug|Any CPU
		{B4555E16-C968-44E3-A7E1-C27179E18647}.Debug|Any CPU.Build.0 = Debug|Any CPU
		{B4555E16-C968-44E3-A7E1-C27179E18647}.Release|Any CPU.ActiveCfg = Release|Any CPU
		{B4555E16-C968-44E3-A7E1-C27179E18647}.Release|Any CPU.Build.0 = Release|Any CPU
	EndGlobalSection
	GlobalSection(SolutionProperties) = preSolution
		HideSolutionNode = FALSE
	EndGlobalSection
EndGlobal
