
Microsoft Visual Studio Solution File, Format Version 12.00
# Visual Studio 14
VisualStudioVersion = 14.0.25420.1
MinimumVisualStudioVersion = 10.0.40219.1
Project("{FAE04EC0-301F-11D3-BF4B-00C04F79EFBC}") = "HeapsSortAlmostSortedArray", "HeapsSortAlmostSortedArray\HeapsSortAlmostSortedArray.csproj", "{B430EBE4-EFDE-4C28-8153-8C5F7C3ABDE5}"
EndProject
Global
	GlobalSection(SolutionConfigurationPlatforms) = preSolution
		Debug|Any CPU = Debug|Any CPU
		Release|Any CPU = Release|Any CPU
	EndGlobalSection
	GlobalSection(ProjectConfigurationPlatforms) = postSolution
		{B430EBE4-EFDE-4C28-8153-8C5F7C3ABDE5}.Debug|Any CPU.ActiveCfg = Debug|Any CPU
		{B430EBE4-EFDE-4C28-8153-8C5F7C3ABDE5}.Debug|Any CPU.Build.0 = Debug|Any CPU
		{B430EBE4-EFDE-4C28-8153-8C5F7C3ABDE5}.Release|Any CPU.ActiveCfg = Release|Any CPU
		{B430EBE4-EFDE-4C28-8153-8C5F7C3ABDE5}.Release|Any CPU.Build.0 = Release|Any CPU
	EndGlobalSection
	GlobalSection(SolutionProperties) = preSolution
		HideSolutionNode = FALSE
	EndGlobalSection
EndGlobal
