
Microsoft Visual Studio Solution File, Format Version 12.00
# Visual Studio 14
VisualStudioVersion = 14.0.25420.1
MinimumVisualStudioVersion = 10.0.40219.1
Project("{FAE04EC0-301F-11D3-BF4B-00C04F79EFBC}") = "LeetCode663. Equal Tree Partition", "LeetCode663. Equal Tree Partition\LeetCode663. Equal Tree Partition.csproj", "{744D3686-FC66-4A82-A398-DE80DBFCCD21}"
EndProject
Global
	GlobalSection(SolutionConfigurationPlatforms) = preSolution
		Debug|Any CPU = Debug|Any CPU
		Release|Any CPU = Release|Any CPU
	EndGlobalSection
	GlobalSection(ProjectConfigurationPlatforms) = postSolution
		{744D3686-FC66-4A82-A398-DE80DBFCCD21}.Debug|Any CPU.ActiveCfg = Debug|Any CPU
		{744D3686-FC66-4A82-A398-DE80DBFCCD21}.Debug|Any CPU.Build.0 = Debug|Any CPU
		{744D3686-FC66-4A82-A398-DE80DBFCCD21}.Release|Any CPU.ActiveCfg = Release|Any CPU
		{744D3686-FC66-4A82-A398-DE80DBFCCD21}.Release|Any CPU.Build.0 = Release|Any CPU
	EndGlobalSection
	GlobalSection(SolutionProperties) = preSolution
		HideSolutionNode = FALSE
	EndGlobalSection
EndGlobal
