
Microsoft Visual Studio Solution File, Format Version 12.00
# Visual Studio 14
VisualStudioVersion = 14.0.25420.1
MinimumVisualStudioVersion = 10.0.40219.1
Project("{FAE04EC0-301F-11D3-BF4B-00C04F79EFBC}") = "RecursionGenerateAllSubsetsOfK", "RecursionGenerateAllSubsetsOfK\RecursionGenerateAllSubsetsOfK.csproj", "{C01730F1-F3BF-426C-B341-628D8667635B}"
EndProject
Global
	GlobalSection(SolutionConfigurationPlatforms) = preSolution
		Debug|Any CPU = Debug|Any CPU
		Release|Any CPU = Release|Any CPU
	EndGlobalSection
	GlobalSection(ProjectConfigurationPlatforms) = postSolution
		{C01730F1-F3BF-426C-B341-628D8667635B}.Debug|Any CPU.ActiveCfg = Debug|Any CPU
		{C01730F1-F3BF-426C-B341-628D8667635B}.Debug|Any CPU.Build.0 = Debug|Any CPU
		{C01730F1-F3BF-426C-B341-628D8667635B}.Release|Any CPU.ActiveCfg = Release|Any CPU
		{C01730F1-F3BF-426C-B341-628D8667635B}.Release|Any CPU.Build.0 = Release|Any CPU
	EndGlobalSection
	GlobalSection(SolutionProperties) = preSolution
		HideSolutionNode = FALSE
	EndGlobalSection
EndGlobal
