
Microsoft Visual Studio Solution File, Format Version 12.00
# Visual Studio 14
VisualStudioVersion = 14.0.25420.1
MinimumVisualStudioVersion = 10.0.40219.1
Project("{FAE04EC0-301F-11D3-BF4B-00C04F79EFBC}") = "LeetCode576. Out of Boundary Paths", "LeetCode576. Out of Boundary Paths\LeetCode576. Out of Boundary Paths.csproj", "{469CFA0B-94BA-43EF-8E7F-39E9F5F01458}"
EndProject
Global
	GlobalSection(SolutionConfigurationPlatforms) = preSolution
		Debug|Any CPU = Debug|Any CPU
		Release|Any CPU = Release|Any CPU
	EndGlobalSection
	GlobalSection(ProjectConfigurationPlatforms) = postSolution
		{469CFA0B-94BA-43EF-8E7F-39E9F5F01458}.Debug|Any CPU.ActiveCfg = Debug|Any CPU
		{469CFA0B-94BA-43EF-8E7F-39E9F5F01458}.Debug|Any CPU.Build.0 = Debug|Any CPU
		{469CFA0B-94BA-43EF-8E7F-39E9F5F01458}.Release|Any CPU.ActiveCfg = Release|Any CPU
		{469CFA0B-94BA-43EF-8E7F-39E9F5F01458}.Release|Any CPU.Build.0 = Release|Any CPU
	EndGlobalSection
	GlobalSection(SolutionProperties) = preSolution
		HideSolutionNode = FALSE
	EndGlobalSection
EndGlobal
