
Microsoft Visual Studio Solution File, Format Version 12.00
# Visual Studio 14
VisualStudioVersion = 14.0.25420.1
MinimumVisualStudioVersion = 10.0.40219.1
Project("{FAE04EC0-301F-11D3-BF4B-00C04F79EFBC}") = "RecursionPermutArray", "RecursionPermutArray\RecursionPermutArray.csproj", "{BC5D130A-CB8A-4108-8A76-6FDBC5D3330A}"
EndProject
Global
	GlobalSection(SolutionConfigurationPlatforms) = preSolution
		Debug|Any CPU = Debug|Any CPU
		Release|Any CPU = Release|Any CPU
	EndGlobalSection
	GlobalSection(ProjectConfigurationPlatforms) = postSolution
		{BC5D130A-CB8A-4108-8A76-6FDBC5D3330A}.Debug|Any CPU.ActiveCfg = Debug|Any CPU
		{BC5D130A-CB8A-4108-8A76-6FDBC5D3330A}.Debug|Any CPU.Build.0 = Debug|Any CPU
		{BC5D130A-CB8A-4108-8A76-6FDBC5D3330A}.Release|Any CPU.ActiveCfg = Release|Any CPU
		{BC5D130A-CB8A-4108-8A76-6FDBC5D3330A}.Release|Any CPU.Build.0 = Release|Any CPU
	EndGlobalSection
	GlobalSection(SolutionProperties) = preSolution
		HideSolutionNode = FALSE
	EndGlobalSection
EndGlobal
