
Microsoft Visual Studio Solution File, Format Version 12.00
# Visual Studio 14
VisualStudioVersion = 14.0.25420.1
MinimumVisualStudioVersion = 10.0.40219.1
Project("{FAE04EC0-301F-11D3-BF4B-00C04F79EFBC}") = "StringsComputePhoneMneumonics", "StringsComputePhoneMneumonics\StringsComputePhoneMneumonics.csproj", "{66E9F892-6075-44C5-B4E7-AA0F92B826DA}"
EndProject
Global
	GlobalSection(SolutionConfigurationPlatforms) = preSolution
		Debug|Any CPU = Debug|Any CPU
		Release|Any CPU = Release|Any CPU
	EndGlobalSection
	GlobalSection(ProjectConfigurationPlatforms) = postSolution
		{66E9F892-6075-44C5-B4E7-AA0F92B826DA}.Debug|Any CPU.ActiveCfg = Debug|Any CPU
		{66E9F892-6075-44C5-B4E7-AA0F92B826DA}.Debug|Any CPU.Build.0 = Debug|Any CPU
		{66E9F892-6075-44C5-B4E7-AA0F92B826DA}.Release|Any CPU.ActiveCfg = Release|Any CPU
		{66E9F892-6075-44C5-B4E7-AA0F92B826DA}.Release|Any CPU.Build.0 = Release|Any CPU
	EndGlobalSection
	GlobalSection(SolutionProperties) = preSolution
		HideSolutionNode = FALSE
	EndGlobalSection
EndGlobal
