
Microsoft Visual Studio Solution File, Format Version 12.00
# Visual Studio 14
VisualStudioVersion = 14.0.25420.1
MinimumVisualStudioVersion = 10.0.40219.1
Project("{FAE04EC0-301F-11D3-BF4B-00C04F79EFBC}") = "LeetCode34. Search for a Range", "LeetCode34. Search for a Range\LeetCode34. Search for a Range.csproj", "{994DE305-A9EE-4CA9-B86E-EA267CE43B60}"
EndProject
Global
	GlobalSection(SolutionConfigurationPlatforms) = preSolution
		Debug|Any CPU = Debug|Any CPU
		Release|Any CPU = Release|Any CPU
	EndGlobalSection
	GlobalSection(ProjectConfigurationPlatforms) = postSolution
		{994DE305-A9EE-4CA9-B86E-EA267CE43B60}.Debug|Any CPU.ActiveCfg = Debug|Any CPU
		{994DE305-A9EE-4CA9-B86E-EA267CE43B60}.Debug|Any CPU.Build.0 = Debug|Any CPU
		{994DE305-A9EE-4CA9-B86E-EA267CE43B60}.Release|Any CPU.ActiveCfg = Release|Any CPU
		{994DE305-A9EE-4CA9-B86E-EA267CE43B60}.Release|Any CPU.Build.0 = Release|Any CPU
	EndGlobalSection
	GlobalSection(SolutionProperties) = preSolution
		HideSolutionNode = FALSE
	EndGlobalSection
EndGlobal
