
Microsoft Visual Studio Solution File, Format Version 12.00
# Visual Studio 14
VisualStudioVersion = 14.0.25420.1
MinimumVisualStudioVersion = 10.0.40219.1
Project("{FAE04EC0-301F-11D3-BF4B-00C04F79EFBC}") = "LeetCode8. String to Integer (atoi)", "LeetCode8. String to Integer (atoi)\LeetCode8. String to Integer (atoi).csproj", "{FF1BA82B-79FF-4D74-B8F2-43BC069FD053}"
EndProject
Global
	GlobalSection(SolutionConfigurationPlatforms) = preSolution
		Debug|Any CPU = Debug|Any CPU
		Release|Any CPU = Release|Any CPU
	EndGlobalSection
	GlobalSection(ProjectConfigurationPlatforms) = postSolution
		{FF1BA82B-79FF-4D74-B8F2-43BC069FD053}.Debug|Any CPU.ActiveCfg = Debug|Any CPU
		{FF1BA82B-79FF-4D74-B8F2-43BC069FD053}.Debug|Any CPU.Build.0 = Debug|Any CPU
		{FF1BA82B-79FF-4D74-B8F2-43BC069FD053}.Release|Any CPU.ActiveCfg = Release|Any CPU
		{FF1BA82B-79FF-4D74-B8F2-43BC069FD053}.Release|Any CPU.Build.0 = Release|Any CPU
	EndGlobalSection
	GlobalSection(SolutionProperties) = preSolution
		HideSolutionNode = FALSE
	EndGlobalSection
EndGlobal
