
Microsoft Visual Studio Solution File, Format Version 12.00
# Visual Studio 14
VisualStudioVersion = 14.0.25420.1
MinimumVisualStudioVersion = 10.0.40219.1
Project("{FAE04EC0-301F-11D3-BF4B-00C04F79EFBC}") = "GraphTransformWordToAnother_wordladder", "GraphTransformWordToAnother_wordladder\GraphTransformWordToAnother_wordladder.csproj", "{D230EBB0-2160-48E6-8F9C-6A6F2F92EB6D}"
EndProject
Global
	GlobalSection(SolutionConfigurationPlatforms) = preSolution
		Debug|Any CPU = Debug|Any CPU
		Release|Any CPU = Release|Any CPU
	EndGlobalSection
	GlobalSection(ProjectConfigurationPlatforms) = postSolution
		{D230EBB0-2160-48E6-8F9C-6A6F2F92EB6D}.Debug|Any CPU.ActiveCfg = Debug|Any CPU
		{D230EBB0-2160-48E6-8F9C-6A6F2F92EB6D}.Debug|Any CPU.Build.0 = Debug|Any CPU
		{D230EBB0-2160-48E6-8F9C-6A6F2F92EB6D}.Release|Any CPU.ActiveCfg = Release|Any CPU
		{D230EBB0-2160-48E6-8F9C-6A6F2F92EB6D}.Release|Any CPU.Build.0 = Release|Any CPU
	EndGlobalSection
	GlobalSection(SolutionProperties) = preSolution
		HideSolutionNode = FALSE
	EndGlobalSection
EndGlobal
