
Microsoft Visual Studio Solution File, Format Version 12.00
# Visual Studio 14
VisualStudioVersion = 14.0.25420.1
MinimumVisualStudioVersion = 10.0.40219.1
Project("{FAE04EC0-301F-11D3-BF4B-00C04F79EFBC}") = "LeetCode80.RemoveDuplicatesfromSortedArrayII", "LeetCode80.RemoveDuplicatesfromSortedArrayII\LeetCode80.RemoveDuplicatesfromSortedArrayII.csproj", "{89F6AA7D-0154-4B7C-83DC-4F7F82228F7F}"
EndProject
Global
	GlobalSection(SolutionConfigurationPlatforms) = preSolution
		Debug|Any CPU = Debug|Any CPU
		Release|Any CPU = Release|Any CPU
	EndGlobalSection
	GlobalSection(ProjectConfigurationPlatforms) = postSolution
		{89F6AA7D-0154-4B7C-83DC-4F7F82228F7F}.Debug|Any CPU.ActiveCfg = Debug|Any CPU
		{89F6AA7D-0154-4B7C-83DC-4F7F82228F7F}.Debug|Any CPU.Build.0 = Debug|Any CPU
		{89F6AA7D-0154-4B7C-83DC-4F7F82228F7F}.Release|Any CPU.ActiveCfg = Release|Any CPU
		{89F6AA7D-0154-4B7C-83DC-4F7F82228F7F}.Release|Any CPU.Build.0 = Release|Any CPU
	EndGlobalSection
	GlobalSection(SolutionProperties) = preSolution
		HideSolutionNode = FALSE
	EndGlobalSection
EndGlobal
