
Microsoft Visual Studio Solution File, Format Version 12.00
# Visual Studio 14
VisualStudioVersion = 14.0.25420.1
MinimumVisualStudioVersion = 10.0.40219.1
Project("{FAE04EC0-301F-11D3-BF4B-00C04F79EFBC}") = "LeetCode19.RemoveNthNodeFromEndofList", "LeetCode19.RemoveNthNodeFromEndofList\LeetCode19.RemoveNthNodeFromEndofList.csproj", "{9BAAD736-8D27-478B-BBD2-1CC00898BDA2}"
EndProject
Global
	GlobalSection(SolutionConfigurationPlatforms) = preSolution
		Debug|Any CPU = Debug|Any CPU
		Release|Any CPU = Release|Any CPU
	EndGlobalSection
	GlobalSection(ProjectConfigurationPlatforms) = postSolution
		{9BAAD736-8D27-478B-BBD2-1CC00898BDA2}.Debug|Any CPU.ActiveCfg = Debug|Any CPU
		{9BAAD736-8D27-478B-BBD2-1CC00898BDA2}.Debug|Any CPU.Build.0 = Debug|Any CPU
		{9BAAD736-8D27-478B-BBD2-1CC00898BDA2}.Release|Any CPU.ActiveCfg = Release|Any CPU
		{9BAAD736-8D27-478B-BBD2-1CC00898BDA2}.Release|Any CPU.Build.0 = Release|Any CPU
	EndGlobalSection
	GlobalSection(SolutionProperties) = preSolution
		HideSolutionNode = FALSE
	EndGlobalSection
EndGlobal
