
Microsoft Visual Studio Solution File, Format Version 12.00
# Visual Studio 14
VisualStudioVersion = 14.0.25420.1
MinimumVisualStudioVersion = 10.0.40219.1
Project("{FAE04EC0-301F-11D3-BF4B-00C04F79EFBC}") = "LeetCode282. Expression Add Operators", "LeetCode282. Expression Add Operators\LeetCode282. Expression Add Operators.csproj", "{6BF21DE9-BD1B-4C60-9C40-BA81CFEC824D}"
EndProject
Global
	GlobalSection(SolutionConfigurationPlatforms) = preSolution
		Debug|Any CPU = Debug|Any CPU
		Release|Any CPU = Release|Any CPU
	EndGlobalSection
	GlobalSection(ProjectConfigurationPlatforms) = postSolution
		{6BF21DE9-BD1B-4C60-9C40-BA81CFEC824D}.Debug|Any CPU.ActiveCfg = Debug|Any CPU
		{6BF21DE9-BD1B-4C60-9C40-BA81CFEC824D}.Debug|Any CPU.Build.0 = Debug|Any CPU
		{6BF21DE9-BD1B-4C60-9C40-BA81CFEC824D}.Release|Any CPU.ActiveCfg = Release|Any CPU
		{6BF21DE9-BD1B-4C60-9C40-BA81CFEC824D}.Release|Any CPU.Build.0 = Release|Any CPU
	EndGlobalSection
	GlobalSection(SolutionProperties) = preSolution
		HideSolutionNode = FALSE
	EndGlobalSection
EndGlobal
