
Microsoft Visual Studio Solution File, Format Version 12.00
# Visual Studio 14
VisualStudioVersion = 14.0.24720.0
MinimumVisualStudioVersion = 10.0.40219.1
Project("{FAE04EC0-301F-11D3-BF4B-00C04F79EFBC}") = "KnightShortestPath", "KnightShortestPath\KnightShortestPath.csproj", "{E6E94E8F-8B4E-4D11-B002-35E7644817CD}"
EndProject
Global
	GlobalSection(SolutionConfigurationPlatforms) = preSolution
		Debug|Any CPU = Debug|Any CPU
		Release|Any CPU = Release|Any CPU
	EndGlobalSection
	GlobalSection(ProjectConfigurationPlatforms) = postSolution
		{E6E94E8F-8B4E-4D11-B002-35E7644817CD}.Debug|Any CPU.ActiveCfg = Debug|Any CPU
		{E6E94E8F-8B4E-4D11-B002-35E7644817CD}.Debug|Any CPU.Build.0 = Debug|Any CPU
		{E6E94E8F-8B4E-4D11-B002-35E7644817CD}.Release|Any CPU.ActiveCfg = Release|Any CPU
		{E6E94E8F-8B4E-4D11-B002-35E7644817CD}.Release|Any CPU.Build.0 = Release|Any CPU
	EndGlobalSection
	GlobalSection(SolutionProperties) = preSolution
		HideSolutionNode = FALSE
	EndGlobalSection
EndGlobal
