
Microsoft Visual Studio Solution File, Format Version 12.00
# Visual Studio 14
VisualStudioVersion = 14.0.25420.1
MinimumVisualStudioVersion = 10.0.40219.1
Project("{FAE04EC0-301F-11D3-BF4B-00C04F79EFBC}") = "LeetCode330. Patching Array", "LeetCode330. Patching Array\LeetCode330. Patching Array.csproj", "{A795E7BC-FF6E-45A6-A8FD-C23A0D7B7D80}"
EndProject
Global
	GlobalSection(SolutionConfigurationPlatforms) = preSolution
		Debug|Any CPU = Debug|Any CPU
		Release|Any CPU = Release|Any CPU
	EndGlobalSection
	GlobalSection(ProjectConfigurationPlatforms) = postSolution
		{A795E7BC-FF6E-45A6-A8FD-C23A0D7B7D80}.Debug|Any CPU.ActiveCfg = Debug|Any CPU
		{A795E7BC-FF6E-45A6-A8FD-C23A0D7B7D80}.Debug|Any CPU.Build.0 = Debug|Any CPU
		{A795E7BC-FF6E-45A6-A8FD-C23A0D7B7D80}.Release|Any CPU.ActiveCfg = Release|Any CPU
		{A795E7BC-FF6E-45A6-A8FD-C23A0D7B7D80}.Release|Any CPU.Build.0 = Release|Any CPU
	EndGlobalSection
	GlobalSection(SolutionProperties) = preSolution
		HideSolutionNode = FALSE
	EndGlobalSection
EndGlobal
