
Microsoft Visual Studio Solution File, Format Version 12.00
# Visual Studio 14
VisualStudioVersion = 14.0.25420.1
MinimumVisualStudioVersion = 10.0.40219.1
Project("{FAE04EC0-301F-11D3-BF4B-00C04F79EFBC}") = "LeetCode721. Accounts Merge", "LeetCode721. Accounts Merge\LeetCode721. Accounts Merge.csproj", "{01F7A34C-8E7D-44F4-951A-ACDD6F6F6CFF}"
EndProject
Global
	GlobalSection(SolutionConfigurationPlatforms) = preSolution
		Debug|Any CPU = Debug|Any CPU
		Release|Any CPU = Release|Any CPU
	EndGlobalSection
	GlobalSection(ProjectConfigurationPlatforms) = postSolution
		{01F7A34C-8E7D-44F4-951A-ACDD6F6F6CFF}.Debug|Any CPU.ActiveCfg = Debug|Any CPU
		{01F7A34C-8E7D-44F4-951A-ACDD6F6F6CFF}.Debug|Any CPU.Build.0 = Debug|Any CPU
		{01F7A34C-8E7D-44F4-951A-ACDD6F6F6CFF}.Release|Any CPU.ActiveCfg = Release|Any CPU
		{01F7A34C-8E7D-44F4-951A-ACDD6F6F6CFF}.Release|Any CPU.Build.0 = Release|Any CPU
	EndGlobalSection
	GlobalSection(SolutionProperties) = preSolution
		HideSolutionNode = FALSE
	EndGlobalSection
EndGlobal
