
Microsoft Visual Studio Solution File, Format Version 12.00
# Visual Studio 14
VisualStudioVersion = 14.0.25420.1
MinimumVisualStudioVersion = 10.0.40219.1
Project("{FAE04EC0-301F-11D3-BF4B-00C04F79EFBC}") = "LeetCode307.RangeSumQueryMutable", "LeetCode307.RangeSumQueryMutable\LeetCode307.RangeSumQueryMutable.csproj", "{37A66A7F-A33D-4AB1-B0D2-2AD0BEF0779E}"
EndProject
Global
	GlobalSection(SolutionConfigurationPlatforms) = preSolution
		Debug|Any CPU = Debug|Any CPU
		Release|Any CPU = Release|Any CPU
	EndGlobalSection
	GlobalSection(ProjectConfigurationPlatforms) = postSolution
		{37A66A7F-A33D-4AB1-B0D2-2AD0BEF0779E}.Debug|Any CPU.ActiveCfg = Debug|Any CPU
		{37A66A7F-A33D-4AB1-B0D2-2AD0BEF0779E}.Debug|Any CPU.Build.0 = Debug|Any CPU
		{37A66A7F-A33D-4AB1-B0D2-2AD0BEF0779E}.Release|Any CPU.ActiveCfg = Release|Any CPU
		{37A66A7F-A33D-4AB1-B0D2-2AD0BEF0779E}.Release|Any CPU.Build.0 = Release|Any CPU
	EndGlobalSection
	GlobalSection(SolutionProperties) = preSolution
		HideSolutionNode = FALSE
	EndGlobalSection
EndGlobal
