
Microsoft Visual Studio Solution File, Format Version 12.00
# Visual Studio 14
VisualStudioVersion = 14.0.25420.1
MinimumVisualStudioVersion = 10.0.40219.1
Project("{FAE04EC0-301F-11D3-BF4B-00C04F79EFBC}") = "LeetCode763. Partition Labels", "LeetCode763. Partition Labels\LeetCode763. Partition Labels.csproj", "{56A3AE75-FBEB-4174-BC94-BF5B524CC022}"
EndProject
Global
	GlobalSection(SolutionConfigurationPlatforms) = preSolution
		Debug|Any CPU = Debug|Any CPU
		Release|Any CPU = Release|Any CPU
	EndGlobalSection
	GlobalSection(ProjectConfigurationPlatforms) = postSolution
		{56A3AE75-FBEB-4174-BC94-BF5B524CC022}.Debug|Any CPU.ActiveCfg = Debug|Any CPU
		{56A3AE75-FBEB-4174-BC94-BF5B524CC022}.Debug|Any CPU.Build.0 = Debug|Any CPU
		{56A3AE75-FBEB-4174-BC94-BF5B524CC022}.Release|Any CPU.ActiveCfg = Release|Any CPU
		{56A3AE75-FBEB-4174-BC94-BF5B524CC022}.Release|Any CPU.Build.0 = Release|Any CPU
	EndGlobalSection
	GlobalSection(SolutionProperties) = preSolution
		HideSolutionNode = FALSE
	EndGlobalSection
EndGlobal
