
Microsoft Visual Studio Solution File, Format Version 12.00
# Visual Studio 14
VisualStudioVersion = 14.0.25420.1
MinimumVisualStudioVersion = 10.0.40219.1
Project("{FAE04EC0-301F-11D3-BF4B-00C04F79EFBC}") = "SortingComputeUnionOfIntevals", "SortingComputeUnionOfIntevals\SortingComputeUnionOfIntevals.csproj", "{3D8E32BD-4359-41BF-BAFF-D3C11BE2F312}"
EndProject
Global
	GlobalSection(SolutionConfigurationPlatforms) = preSolution
		Debug|Any CPU = Debug|Any CPU
		Release|Any CPU = Release|Any CPU
	EndGlobalSection
	GlobalSection(ProjectConfigurationPlatforms) = postSolution
		{3D8E32BD-4359-41BF-BAFF-D3C11BE2F312}.Debug|Any CPU.ActiveCfg = Debug|Any CPU
		{3D8E32BD-4359-41BF-BAFF-D3C11BE2F312}.Debug|Any CPU.Build.0 = Debug|Any CPU
		{3D8E32BD-4359-41BF-BAFF-D3C11BE2F312}.Release|Any CPU.ActiveCfg = Release|Any CPU
		{3D8E32BD-4359-41BF-BAFF-D3C11BE2F312}.Release|Any CPU.Build.0 = Release|Any CPU
	EndGlobalSection
	GlobalSection(SolutionProperties) = preSolution
		HideSolutionNode = FALSE
	EndGlobalSection
EndGlobal
